
Microsoft Visual Studio Solution File, Format Version 12.00
# Visual Studio Version 17
VisualStudioVersion = 17.14.36414.22 d17.14
MinimumVisualStudioVersion = 10.0.40219.1
Project("{FAE04EC0-301F-11D3-BF4B-00C04F79EFBC}") = "Biblioteca_SusanaPineros", "Biblioteca_SusanaPineros.csproj", "{9FF18125-D6B0-429A-9719-E2ACC2E2EDAC}"
EndProject
Global
	GlobalSection(SolutionConfigurationPlatforms) = preSolution
		Debug|Any CPU = Debug|Any CPU
		Release|Any CPU = Release|Any CPU
	EndGlobalSection
	GlobalSection(ProjectConfigurationPlatforms) = postSolution
		{9FF18125-D6B0-429A-9719-E2ACC2E2EDAC}.Debug|Any CPU.ActiveCfg = Debug|Any CPU
		{9FF18125-D6B0-429A-9719-E2ACC2E2EDAC}.Debug|Any CPU.Build.0 = Debug|Any CPU
		{9FF18125-D6B0-429A-9719-E2ACC2E2EDAC}.Release|Any CPU.ActiveCfg = Release|Any CPU
		{9FF18125-D6B0-429A-9719-E2ACC2E2EDAC}.Release|Any CPU.Build.0 = Release|Any CPU
	EndGlobalSection
	GlobalSection(SolutionProperties) = preSolution
		HideSolutionNode = FALSE
	EndGlobalSection
	GlobalSection(ExtensibilityGlobals) = postSolution
		SolutionGuid = {5668B001-F68C-4FCD-84C4-0C394A69AE6D}
	EndGlobalSection
EndGlobal
